{
  "name": "tfjs-models",
  "version": "0.0.1",
  "lockfileVersion": 1,
  "requires": true,
  "dependencies": {
    "push.js": {
      "version": "1.0.5",
      "resolved": "https://registry.npmjs.org/push.js/-/push.js-1.0.5.tgz",
      "integrity": "sha512-RPnZ7tc6oTPWf2g4dCIxIRgaJUENjor9CbyDg/o0JlsYqLOM0AjwHOndT9woZkt+7KI1srB9J70d5i6xiPd/HQ=="
    }
  }
}
